// !$*UTF8*$!
{
	archiveVersion = 1;
	classes = {
	};
	objectVersion = 50;
	objects = {

/* Begin PBXBuildFile section */
		08DE2C0420EB340F00C29FD7 /* AppDelegate.swift in Sources */ = {isa = PBXBuildFile; fileRef = 08DE2C0320EB340F00C29FD7 /* AppDelegate.swift */; };
		08DE2C0620EB340F00C29FD7 /* ViewController.swift in Sources */ = {isa = PBXBuildFile; fileRef = 08DE2C0520EB340F00C29FD7 /* ViewController.swift */; };
		08DE2C0920EB340F00C29FD7 /* Main.storyboard in Resources */ = {isa = PBXBuildFile; fileRef = 08DE2C0720EB340F00C29FD7 /* Main.storyboard */; };
		08DE2C0B20EB341000C29FD7 /* Assets.xcassets in Resources */ = {isa = PBXBuildFile; fileRef = 08DE2C0A20EB341000C29FD7 /* Assets.xcassets */; };
		08DE2C0E20EB341000C29FD7 /* LaunchScreen.storyboard in Resources */ = {isa = PBXBuildFile; fileRef = 08DE2C0C20EB341000C29FD7 /* LaunchScreen.storyboard */; };
		08DE2C1920EB341000C29FD7 /* Puzzle_Day01Tests.swift in Sources */ = {isa = PBXBuildFile; fileRef = 08DE2C1820EB341000C29FD7 /* Puzzle_Day01Tests.swift */; };
		08DE2C2420EB343400C29FD7 /* Utility.swift in Sources */ = {isa = PBXBuildFile; fileRef = 08DE2C2320EB343400C29FD7 /* Utility.swift */; };
		08DE2C2620EB345F00C29FD7 /* README.md in Resources */ = {isa = PBXBuildFile; fileRef = 08DE2C2520EB345F00C29FD7 /* README.md */; };
/* End PBXBuildFile section */

/* Begin PBXContainerItemProxy section */
		08DE2C1520EB341000C29FD7 /* PBXContainerItemProxy */ = {
			isa = PBXContainerItemProxy;
			containerPortal = 08DE2BF820EB340F00C29FD7 /* Project object */;
			proxyType = 1;
			remoteGlobalIDString = 08DE2BFF20EB340F00C29FD7;
			remoteInfo = Puzzle_Day01;
		};
/* End PBXContainerItemProxy section */

/* Begin PBXFileReference section */
		08DE2C0020EB340F00C29FD7 /* Puzzle_Day01.app */ = {isa = PBXFileReference; explicitFileType = wrapper.application; includeInIndex = 0; path = Puzzle_Day01.app; sourceTree = BUILT_PRODUCTS_DIR; };
		08DE2C0320EB340F00C29FD7 /* AppDelegate.swift */ = {isa = PBXFileReference; lastKnownFileType = sourcecode.swift; path = AppDelegate.swift; sourceTree = "<group>"; };
		08DE2C0520EB340F00C29FD7 /* ViewController.swift */ = {isa = PBXFileReference; lastKnownFileType = sourcecode.swift; path = ViewController.swift; sourceTree = "<group>"; };
		08DE2C0820EB340F00C29FD7 /* Base */ = {isa = PBXFileReference; lastKnownFileType = file.storyboard; name = Base; path = Base.lproj/Main.storyboard; sourceTree = "<group>"; };
		08DE2C0A20EB341000C29FD7 /* Assets.xcassets */ = {isa = PBXFileReference; lastKnownFileType = folder.assetcatalog; path = Assets.xcassets; sourceTree = "<group>"; };
		08DE2C0D20EB341000C29FD7 /* Base */ = {isa = PBXFileReference; lastKnownFileType = file.storyboard; name = Base; path = Base.lproj/LaunchScreen.storyboard; sourceTree = "<group>"; };
		08DE2C0F20EB341000C29FD7 /* Info.plist */ = {isa = PBXFileReference; lastKnownFileType = text.plist.xml; path = Info.plist; sourceTree = "<group>"; };
		08DE2C1420EB341000C29FD7 /* Puzzle_Day01Tests.xctest */ = {isa = PBXFileReference; explicitFileType = wrapper.cfbundle; includeInIndex = 0; path = Puzzle_Day01Tests.xctest; sourceTree = BUILT_PRODUCTS_DIR; };
		08DE2C1820EB341000C29FD7 /* Puzzle_Day01Tests.swift */ = {isa = PBXFileReference; lastKnownFileType = sourcecode.swift; path = Puzzle_Day01Tests.swift; sourceTree = "<group>"; };
		08DE2C1A20EB341000C29FD7 /* Info.plist */ = {isa = PBXFileReference; lastKnownFileType = text.plist.xml; path = Info.plist; sourceTree = "<group>"; };
		08DE2C2320EB343400C29FD7 /* Utility.swift */ = {isa = PBXFileReference; lastKnownFileType = sourcecode.swift; path = Utility.swift; sourceTree = "<group>"; };
		08DE2C2520EB345F00C29FD7 /* README.md */ = {isa = PBXFileReference; fileEncoding = 4; lastKnownFileType = net.daringfireball.markdown; path = README.md; sourceTree = "<group>"; };
/* End PBXFileReference section */

/* Begin PBXFrameworksBuildPhase section */
		08DE2BFD20EB340F00C29FD7 /* Frameworks */ = {
			isa = PBXFrameworksBuildPhase;
			buildActionMask = 2147483647;
			files = (
			);
			runOnlyForDeploymentPostprocessing = 0;
		};
		08DE2C1120EB341000C29FD7 /* Frameworks */ = {
			isa = PBXFrameworksBuildPhase;
			buildActionMask = 2147483647;
			files = (
			);
			runOnlyForDeploymentPostprocessing = 0;
		};
/* End PBXFrameworksBuildPhase section */

/* Begin PBXGroup section */
		08DE2BF720EB340F00C29FD7 = {
			isa = PBXGroup;
			children = (
				08DE2C0220EB340F00C29FD7 /* Puzzle_Day01 */,
				08DE2C1720EB341000C29FD7 /* Puzzle_Day01Tests */,
				08DE2C0120EB340F00C29FD7 /* Products */,
			);
			sourceTree = "<group>";
		};
		08DE2C0120EB340F00C29FD7 /* Products */ = {
			isa = PBXGroup;
			children = (
				08DE2C0020EB340F00C29FD7 /* Puzzle_Day01.app */,
				08DE2C1420EB341000C29FD7 /* Puzzle_Day01Tests.xctest */,
			);
			name = Products;
			sourceTree = "<group>";
		};
		08DE2C0220EB340F00C29FD7 /* Puzzle_Day01 */ = {
			isa = PBXGroup;
			children = (
				08DE2C2520EB345F00C29FD7 /* README.md */,
				08DE2C0320EB340F00C29FD7 /* AppDelegate.swift */,
				08DE2C0520EB340F00C29FD7 /* ViewController.swift */,
				08DE2C2320EB343400C29FD7 /* Utility.swift */,
				08DE2C0720EB340F00C29FD7 /* Main.storyboard */,
				08DE2C0A20EB341000C29FD7 /* Assets.xcassets */,
				08DE2C0C20EB341000C29FD7 /* LaunchScreen.storyboard */,
				08DE2C0F20EB341000C29FD7 /* Info.plist */,
			);
			path = Puzzle_Day01;
			sourceTree = "<group>";
		};
		08DE2C1720EB341000C29FD7 /* Puzzle_Day01Tests */ = {
			isa = PBXGroup;
			children = (
				08DE2C1820EB341000C29FD7 /* Puzzle_Day01Tests.swift */,
				08DE2C1A20EB341000C29FD7 /* Info.plist */,
			);
			path = Puzzle_Day01Tests;
			sourceTree = "<group>";
		};
/* End PBXGroup section */

/* Begin PBXNativeTarget section */
		08DE2BFF20EB340F00C29FD7 /* Puzzle_Day01 */ = {
			isa = PBXNativeTarget;
			buildConfigurationList = 08DE2C1D20EB341000C29FD7 /* Build configuration list for PBXNativeTarget "Puzzle_Day01" */;
			buildPhases = (
				08DE2BFC20EB340F00C29FD7 /* Sources */,
				08DE2BFD20EB340F00C29FD7 /* Frameworks */,
				08DE2BFE20EB340F00C29FD7 /* Resources */,
			);
			buildRules = (
			);
			dependencies = (
			);
			name = Puzzle_Day01;
			productName = Puzzle_Day01;
			productReference = 08DE2C0020EB340F00C29FD7 /* Puzzle_Day01.app */;
			productType = "com.apple.product-type.application";
		};
		08DE2C1320EB341000C29FD7 /* Puzzle_Day01Tests */ = {
			isa = PBXNativeTarget;
			buildConfigurationList = 08DE2C2020EB341000C29FD7 /* Build configuration list for PBXNativeTarget "Puzzle_Day01Tests" */;
			buildPhases = (
				08DE2C1020EB341000C29FD7 /* Sources */,
				08DE2C1120EB341000C29FD7 /* Frameworks */,
				08DE2C1220EB341000C29FD7 /* Resources */,
			);
			buildRules = (
			);
			dependencies = (
				08DE2C1620EB341000C29FD7 /* PBXTargetDependency */,
			);
			name = Puzzle_Day01Tests;
			productName = Puzzle_Day01Tests;
			productReference = 08DE2C1420EB341000C29FD7 /* Puzzle_Day01Tests.xctest */;
			productType = "com.apple.product-type.bundle.unit-test";
		};
/* End PBXNativeTarget section */

/* Begin PBXProject section */
		08DE2BF820EB340F00C29FD7 /* Project object */ = {
			isa = PBXProject;
			attributes = {
				LastSwiftUpdateCheck = 0940;
				LastUpgradeCheck = 0940;
				ORGANIZATIONNAME = Exilant;
				TargetAttributes = {
					08DE2BFF20EB340F00C29FD7 = {
						CreatedOnToolsVersion = 9.4.1;
					};
					08DE2C1320EB341000C29FD7 = {
						CreatedOnToolsVersion = 9.4.1;
						TestTargetID = 08DE2BFF20EB340F00C29FD7;
					};
				};
			};
			buildConfigurationList = 08DE2BFB20EB340F00C29FD7 /* Build configuration list for PBXProject "Puzzle_Day01" */;
			compatibilityVersion = "Xcode 9.3";
			developmentRegion = en;
			hasScannedForEncodings = 0;
			knownRegions = (
				en,
				Base,
			);
			mainGroup = 08DE2BF720EB340F00C29FD7;
			productRefGroup = 08DE2C0120EB340F00C29FD7 /* Products */;
			projectDirPath = "";
			projectRoot = "";
			targets = (
				08DE2BFF20EB340F00C29FD7 /* Puzzle_Day01 */,
				08DE2C1320EB341000C29FD7 /* Puzzle_Day01Tests */,
			);
		};
/* End PBXProject section */

/* Begin PBXResourcesBuildPhase section */
		08DE2BFE20EB340F00C29FD7 /* Resources */ = {
			isa = PBXResourcesBuildPhase;
			buildActionMask = 2147483647;
			files = (
				08DE2C0E20EB341000C29FD7 /* LaunchScreen.storyboard in Resources */,
				08DE2C0B20EB341000C29FD7 /* Assets.xcassets in Resources */,
				08DE2C2620EB345F00C29FD7 /* README.md in Resources */,
				08DE2C0920EB340F00C29FD7 /* Main.storyboard in Resources */,
			);
			runOnlyForDeploymentPostprocessing = 0;
		};
		08DE2C1220EB341000C29FD7 /* Resources */ = {
			isa = PBXResourcesBuildPhase;
			buildActionMask = 2147483647;
			files = (
			);
			runOnlyForDeploymentPostprocessing = 0;
		};
/* End PBXResourcesBuildPhase section */

/* Begin PBXSourcesBuildPhase section */
		08DE2BFC20EB340F00C29FD7 /* Sources */ = {
			isa = PBXSourcesBuildPhase;
			buildActionMask = 2147483647;
			files = (
				08DE2C0620EB340F00C29FD7 /* ViewController.swift in Sources */,
				08DE2C0420EB340F00C29FD7 /* AppDelegate.swift in Sources */,
				08DE2C2420EB343400C29FD7 /* Utility.swift in Sources */,
			);
			runOnlyForDeploymentPostprocessing = 0;
		};
		08DE2C1020EB341000C29FD7 /* Sources */ = {
			isa = PBXSourcesBuildPhase;
			buildActionMask = 2147483647;
			files = (
				08DE2C1920EB341000C29FD7 /* Puzzle_Day01Tests.swift in Sources */,
			);
			runOnlyForDeploymentPostprocessing = 0;
		};
/* End PBXSourcesBuildPhase section */

/* Begin PBXTargetDependency section */
		08DE2C1620EB341000C29FD7 /* PBXTargetDependency */ = {
			isa = PBXTargetDependency;
			target = 08DE2BFF20EB340F00C29FD7 /* Puzzle_Day01 */;
			targetProxy = 08DE2C1520EB341000C29FD7 /* PBXContainerItemProxy */;
		};
/* End PBXTargetDependency section */

/* Begin PBXVariantGroup section */
		08DE2C0720EB340F00C29FD7 /* Main.storyboard */ = {
			isa = PBXVariantGroup;
			children = (
				08DE2C0820EB340F00C29FD7 /* Base */,
			);
			name = Main.storyboard;
			sourceTree = "<group>";
		};
		08DE2C0C20EB341000C29FD7 /* LaunchScreen.storyboard */ = {
			isa = PBXVariantGroup;
			children = (
				08DE2C0D20EB341000C29FD7 /* Base */,
			);
			name = LaunchScreen.storyboard;
			sourceTree = "<group>";
		};
/* End PBXVariantGroup section */

/* Begin XCBuildConfiguration section */
		08DE2C1B20EB341000C29FD7 /* Debug */ = {
			isa = XCBuildConfiguration;
			buildSettings = {
				ALWAYS_SEARCH_USER_PATHS = NO;
				CLANG_ANALYZER_NONNULL = YES;
				CLANG_ANALYZER_NUMBER_OBJECT_CONVERSION = YES_AGGRESSIVE;
				CLANG_CXX_LANGUAGE_STANDARD = "gnu++14";
				CLANG_CXX_LIBRARY = "libc++";
				CLANG_ENABLE_MODULES = YES;
				CLANG_ENABLE_OBJC_ARC = YES;
				CLANG_ENABLE_OBJC_WEAK = YES;
				CLANG_WARN_BLOCK_CAPTURE_AUTORELEASING = YES;
				CLANG_WARN_BOOL_CONVERSION = YES;
				CLANG_WARN_COMMA = YES;
				CLANG_WARN_CONSTANT_CONVERSION = YES;
				CLANG_WARN_DEPRECATED_OBJC_IMPLEMENTATIONS = YES;
				CLANG_WARN_DIRECT_OBJC_ISA_USAGE = YES_ERROR;
				CLANG_WARN_DOCUMENTATION_COMMENTS = YES;
				CLANG_WARN_EMPTY_BODY = YES;
				CLANG_WARN_ENUM_CONVERSION = YES;
				CLANG_WARN_INFINITE_RECURSION = YES;
				CLANG_WARN_INT_CONVERSION = YES;
				CLANG_WARN_NON_LITERAL_NULL_CONVERSION = YES;
				CLANG_WARN_OBJC_IMPLICIT_RETAIN_SELF = YES;
				CLANG_WARN_OBJC_LITERAL_CONVERSION = YES;
				CLANG_WARN_OBJC_ROOT_CLASS = YES_ERROR;
				CLANG_WARN_RANGE_LOOP_ANALYSIS = YES;
				CLANG_WARN_STRICT_PROTOTYPES = YES;
				CLANG_WARN_SUSPICIOUS_MOVE = YES;
				CLANG_WARN_UNGUARDED_AVAILABILITY = YES_AGGRESSIVE;
				CLANG_WARN_UNREACHABLE_CODE = YES;
				CLANG_WARN__DUPLICATE_METHOD_MATCH = YES;
				CODE_SIGN_IDENTITY = "iPhone Developer";
				COPY_PHASE_STRIP = NO;
				DEBUG_INFORMATION_FORMAT = dwarf;
				ENABLE_STRICT_OBJC_MSGSEND = YES;
				ENABLE_TESTABILITY = YES;
				GCC_C_LANGUAGE_STANDARD = gnu11;
				GCC_DYNAMIC_NO_PIC = NO;
				GCC_NO_COMMON_BLOCKS = YES;
				GCC_OPTIMIZATION_LEVEL = 0;
				GCC_PREPROCESSOR_DEFINITIONS = (
					"DEBUG=1",
					"$(inherited)",
				);
				GCC_WARN_64_TO_32_BIT_CONVERSION = YES;
				GCC_WARN_ABOUT_RETURN_TYPE = YES_ERROR;
				GCC_WARN_UNDECLARED_SELECTOR = YES;
				GCC_WARN_UNINITIALIZED_AUTOS = YES_AGGRESSIVE;
				GCC_WARN_UNUSED_FUNCTION = YES;
				GCC_WARN_UNUSED_VARIABLE = YES;
				IPHONEOS_DEPLOYMENT_TARGET = 11.4;
				MTL_ENABLE_DEBUG_INFO = YES;
				ONLY_ACTIVE_ARCH = YES;
				SDKROOT = iphoneos;
				SWIFT_ACTIVE_COMPILATION_CONDITIONS = DEBUG;
				SWIFT_OPTIMIZATION_LEVEL = "-Onone";
			};
			name = Debug;
		};
		08DE2C1C20EB341000C29FD7 /* Release */ = {
			isa = XCBuildConfiguration;
			buildSettings = {
				ALWAYS_SEARCH_USER_PATHS = NO;
				CLANG_ANALYZER_NONNULL = YES;
				CLANG_ANALYZER_NUMBER_OBJECT_CONVERSION = YES_AGGRESSIVE;
				CLANG_CXX_LANGUAGE_STANDARD = "gnu++14";
				CLANG_CXX_LIBRARY = "libc++";
				CLANG_ENABLE_MODULES = YES;
				CLANG_ENABLE_OBJC_ARC = YES;
				CLANG_ENABLE_OBJC_WEAK = YES;
				CLANG_WARN_BLOCK_CAPTURE_AUTORELEASING = YES;
				CLANG_WARN_BOOL_CONVERSION = YES;
				CLANG_WARN_COMMA = YES;
				CLANG_WARN_CONSTANT_CONVERSION = YES;
				CLANG_WARN_DEPRECATED_OBJC_IMPLEMENTATIONS = YES;
				CLANG_WARN_DIRECT_OBJC_ISA_USAGE = YES_ERROR;
				CLANG_WARN_DOCUMENTATION_COMMENTS = YES;
				CLANG_WARN_EMPTY_BODY = YES;
				CLANG_WARN_ENUM_CONVERSION = YES;
				CLANG_WARN_INFINITE_RECURSION = YES;
				CLANG_WARN_INT_CONVERSION = YES;
				CLANG_WARN_NON_LITERAL_NULL_CONVERSION = YES;
				CLANG_WARN_OBJC_IMPLICIT_RETAIN_SELF = YES;
				CLANG_WARN_OBJC_LITERAL_CONVERSION = YES;
				CLANG_WARN_OBJC_ROOT_CLASS = YES_ERROR;
				CLANG_WARN_RANGE_LOOP_ANALYSIS = YES;
				CLANG_WARN_STRICT_PROTOTYPES = YES;
				CLANG_WARN_SUSPICIOUS_MOVE = YES;
				CLANG_WARN_UNGUARDED_AVAILABILITY = YES_AGGRESSIVE;
				CLANG_WARN_UNREACHABLE_CODE = YES;
				CLANG_WARN__DUPLICATE_METHOD_MATCH = YES;
				CODE_SIGN_IDENTITY = "iPhone Developer";
				COPY_PHASE_STRIP = NO;
				DEBUG_INFORMATION_FORMAT = "dwarf-with-dsym";
				ENABLE_NS_ASSERTIONS = NO;
				ENABLE_STRICT_OBJC_MSGSEND = YES;
				GCC_C_LANGUAGE_STANDARD = gnu11;
				GCC_NO_COMMON_BLOCKS = YES;
				GCC_WARN_64_TO_32_BIT_CONVERSION = YES;
				GCC_WARN_ABOUT_RETURN_TYPE = YES_ERROR;
				GCC_WARN_UNDECLARED_SELECTOR = YES;
				GCC_WARN_UNINITIALIZED_AUTOS = YES_AGGRESSIVE;
				GCC_WARN_UNUSED_FUNCTION = YES;
				GCC_WARN_UNUSED_VARIABLE = YES;
				IPHONEOS_DEPLOYMENT_TARGET = 11.4;
				MTL_ENABLE_DEBUG_INFO = NO;
				SDKROOT = iphoneos;
				SWIFT_COMPILATION_MODE = wholemodule;
				SWIFT_OPTIMIZATION_LEVEL = "-O";
				VALIDATE_PRODUCT = YES;
			};
			name = Release;
		};
		08DE2C1E20EB341000C29FD7 /* Debug */ = {
			isa = XCBuildConfiguration;
			buildSettings = {
				ASSETCATALOG_COMPILER_APPICON_NAME = AppIcon;
				CODE_SIGN_STYLE = Automatic;
				INFOPLIST_FILE = Puzzle_Day01/Info.plist;
				LD_RUNPATH_SEARCH_PATHS = (
					"$(inherited)",
					"@executable_path/Frameworks",
				);
				PRODUCT_BUNDLE_IDENTIFIER = "com.exilant.Puzzle-Day01";
				PRODUCT_NAME = "$(TARGET_NAME)";
				SWIFT_VERSION = 4.0;
				TARGETED_DEVICE_FAMILY = "1,2";
			};
			name = Debug;
		};
		08DE2C1F20EB341000C29FD7 /* Release */ = {
			isa = XCBuildConfiguration;
			buildSettings = {
				ASSETCATALOG_COMPILER_APPICON_NAME = AppIcon;
				CODE_SIGN_STYLE = Automatic;
				INFOPLIST_FILE = Puzzle_Day01/Info.plist;
				LD_RUNPATH_SEARCH_PATHS = (
					"$(inherited)",
					"@executable_path/Frameworks",
				);
				PRODUCT_BUNDLE_IDENTIFIER = "com.exilant.Puzzle-Day01";
				PRODUCT_NAME = "$(TARGET_NAME)";
				SWIFT_VERSION = 4.0;
				TARGETED_DEVICE_FAMILY = "1,2";
			};
			name = Release;
		};
		08DE2C2120EB341000C29FD7 /* Debug */ = {
			isa = XCBuildConfiguration;
			buildSettings = {
				ALWAYS_EMBED_SWIFT_STANDARD_LIBRARIES = YES;
				BUNDLE_LOADER = "$(TEST_HOST)";
				CODE_SIGN_STYLE = Automatic;
				INFOPLIST_FILE = Puzzle_Day01Tests/Info.plist;
				LD_RUNPATH_SEARCH_PATHS = (
					"$(inherited)",
					"@executable_path/Frameworks",
					"@loader_path/Frameworks",
				);
				PRODUCT_BUNDLE_IDENTIFIER = "com.exilant.Puzzle-Day01Tests";
				PRODUCT_NAME = "$(TARGET_NAME)";
				SWIFT_VERSION = 4.0;
				TARGETED_DEVICE_FAMILY = "1,2";
				TEST_HOST = "$(BUILT_PRODUCTS_DIR)/Puzzle_Day01.app/Puzzle_Day01";
			};
			name = Debug;
		};
		08DE2C2220EB341000C29FD7 /* Release */ = {
			isa = XCBuildConfiguration;
			buildSettings = {
				ALWAYS_EMBED_SWIFT_STANDARD_LIBRARIES = YES;
				BUNDLE_LOADER = "$(TEST_HOST)";
				CODE_SIGN_STYLE = Automatic;
				INFOPLIST_FILE = Puzzle_Day01Tests/Info.plist;
				LD_RUNPATH_SEARCH_PATHS = (
					"$(inherited)",
					"@executable_path/Frameworks",
					"@loader_path/Frameworks",
				);
				PRODUCT_BUNDLE_IDENTIFIER = "com.exilant.Puzzle-Day01Tests";
				PRODUCT_NAME = "$(TARGET_NAME)";
				SWIFT_VERSION = 4.0;
				TARGETED_DEVICE_FAMILY = "1,2";
				TEST_HOST = "$(BUILT_PRODUCTS_DIR)/Puzzle_Day01.app/Puzzle_Day01";
			};
			name = Release;
		};
/* End XCBuildConfiguration section */

/* Begin XCConfigurationList section */
		08DE2BFB20EB340F00C29FD7 /* Build configuration list for PBXProject "Puzzle_Day01" */ = {
			isa = XCConfigurationList;
			buildConfigurations = (
				08DE2C1B20EB341000C29FD7 /* Debug */,
				08DE2C1C20EB341000C29FD7 /* Release */,
			);
			defaultConfigurationIsVisible = 0;
			defaultConfigurationName = Release;
		};
		08DE2C1D20EB341000C29FD7 /* Build configuration list for PBXNativeTarget "Puzzle_Day01" */ = {
			isa = XCConfigurationList;
			buildConfigurations = (
				08DE2C1E20EB341000C29FD7 /* Debug */,
				08DE2C1F20EB341000C29FD7 /* Release */,
			);
			defaultConfigurationIsVisible = 0;
			defaultConfigurationName = Release;
		};
		08DE2C2020EB341000C29FD7 /* Build configuration list for PBXNativeTarget "Puzzle_Day01Tests" */ = {
			isa = XCConfigurationList;
			buildConfigurations = (
				08DE2C2120EB341000C29FD7 /* Debug */,
				08DE2C2220EB341000C29FD7 /* Release */,
			);
			defaultConfigurationIsVisible = 0;
			defaultConfigurationName = Release;
		};
/* End XCConfigurationList section */
	};
	rootObject = 08DE2BF820EB340F00C29FD7 /* Project object */;
}
